
Microsoft Visual Studio Solution File, Format Version 12.00
# Visual Studio Version 16
VisualStudioVersion = 16.0.29728.190
MinimumVisualStudioVersion = 10.0.40219.1
Project("{FAE04EC0-301F-11D3-BF4B-00C04F79EFBC}") = "PointAndShoot", "PointAndShoot\PointAndShoot.csproj", "{EB1EF8BC-37AF-4EA3-AB47-28F1FA23165C}"
EndProject
Global
	GlobalSection(SolutionConfigurationPlatforms) = preSolution
		Debug|Any CPU = Debug|Any CPU
		Release|Any CPU = Release|Any CPU
	EndGlobalSection
	GlobalSection(ProjectConfigurationPlatforms) = postSolution
		{EB1EF8BC-37AF-4EA3-AB47-28F1FA23165C}.Debug|Any CPU.ActiveCfg = Debug|Any CPU
		{EB1EF8BC-37AF-4EA3-AB47-28F1FA23165C}.Debug|Any CPU.Build.0 = Debug|Any CPU
		{EB1EF8BC-37AF-4EA3-AB47-28F1FA23165C}.Release|Any CPU.ActiveCfg = Release|Any CPU
		{EB1EF8BC-37AF-4EA3-AB47-28F1FA23165C}.Release|Any CPU.Build.0 = Release|Any CPU
	EndGlobalSection
	GlobalSection(SolutionProperties) = preSolution
		HideSolutionNode = FALSE
	EndGlobalSection
	GlobalSection(ExtensibilityGlobals) = postSolution
		SolutionGuid = {625C84F7-F23E-41B1-AB6E-DD3F1D9EE921}
	EndGlobalSection
EndGlobal
